// !$*UTF8*$!
{
	archiveVersion = 1;
	classes = {
	};
	objectVersion = 50;
	objects = {

/* Begin PBXBuildFile section */
		D657466F21AD607D00E2712D /* I2USignInController.swift in Sources */ = {isa = PBXBuildFile; fileRef = D657466E21AD607D00E2712D /* I2USignInController.swift */; };
		D657F831219D06CD006836D2 /* AppDelegate.swift in Sources */ = {isa = PBXBuildFile; fileRef = D657F830219D06CD006836D2 /* AppDelegate.swift */; };
		D657F835219D06CE006836D2 /* Assets.xcassets in Resources */ = {isa = PBXBuildFile; fileRef = D657F834219D06CE006836D2 /* Assets.xcassets */; };
		D657F838219D06CE006836D2 /* Main.storyboard in Resources */ = {isa = PBXBuildFile; fileRef = D657F836219D06CE006836D2 /* Main.storyboard */; };
		D6766F5C219D0CDD005CA3DC /* I2UMenuController.swift in Sources */ = {isa = PBXBuildFile; fileRef = D6766F5B219D0CDD005CA3DC /* I2UMenuController.swift */; };
		D6EBB02A21B0DB90001B0E16 /* I2UUserDefaultsEnum.swift in Sources */ = {isa = PBXBuildFile; fileRef = D6EBB02921B0DB90001B0E16 /* I2UUserDefaultsEnum.swift */; };
		D6EBB02C21B0DEA1001B0E16 /* I2UDataManager.swift in Sources */ = {isa = PBXBuildFile; fileRef = D6EBB02B21B0DEA1001B0E16 /* I2UDataManager.swift */; };
/* End PBXBuildFile section */

/* Begin PBXFileReference section */
		D657466E21AD607D00E2712D /* I2USignInController.swift */ = {isa = PBXFileReference; lastKnownFileType = sourcecode.swift; path = I2USignInController.swift; sourceTree = "<group>"; };
		D657F82D219D06CD006836D2 /* Image2Url.app */ = {isa = PBXFileReference; explicitFileType = wrapper.application; includeInIndex = 0; path = Image2Url.app; sourceTree = BUILT_PRODUCTS_DIR; };
		D657F830219D06CD006836D2 /* AppDelegate.swift */ = {isa = PBXFileReference; lastKnownFileType = sourcecode.swift; path = AppDelegate.swift; sourceTree = "<group>"; };
		D657F834219D06CE006836D2 /* Assets.xcassets */ = {isa = PBXFileReference; lastKnownFileType = folder.assetcatalog; path = Assets.xcassets; sourceTree = "<group>"; };
		D657F837219D06CE006836D2 /* Base */ = {isa = PBXFileReference; lastKnownFileType = file.storyboard; name = Base; path = Base.lproj/Main.storyboard; sourceTree = "<group>"; };
		D657F839219D06CE006836D2 /* Info.plist */ = {isa = PBXFileReference; lastKnownFileType = text.plist.xml; path = Info.plist; sourceTree = "<group>"; };
		D657F83A219D06CE006836D2 /* Image2Url.entitlements */ = {isa = PBXFileReference; lastKnownFileType = text.plist.entitlements; path = Image2Url.entitlements; sourceTree = "<group>"; };
		D6766F5B219D0CDD005CA3DC /* I2UMenuController.swift */ = {isa = PBXFileReference; lastKnownFileType = sourcecode.swift; path = I2UMenuController.swift; sourceTree = "<group>"; };
		D6EBB02921B0DB90001B0E16 /* I2UUserDefaultsEnum.swift */ = {isa = PBXFileReference; lastKnownFileType = sourcecode.swift; path = I2UUserDefaultsEnum.swift; sourceTree = "<group>"; };
		D6EBB02B21B0DEA1001B0E16 /* I2UDataManager.swift */ = {isa = PBXFileReference; lastKnownFileType = sourcecode.swift; path = I2UDataManager.swift; sourceTree = "<group>"; };
/* End PBXFileReference section */

/* Begin PBXFrameworksBuildPhase section */
		D657F82A219D06CD006836D2 /* Frameworks */ = {
			isa = PBXFrameworksBuildPhase;
			buildActionMask = 2147483647;
			files = (
			);
			runOnlyForDeploymentPostprocessing = 0;
		};
/* End PBXFrameworksBuildPhase section */

/* Begin PBXGroup section */
		D657F824219D06CD006836D2 = {
			isa = PBXGroup;
			children = (
				D657F82F219D06CD006836D2 /* Image2Url */,
				D657F82E219D06CD006836D2 /* Products */,
			);
			sourceTree = "<group>";
		};
		D657F82E219D06CD006836D2 /* Products */ = {
			isa = PBXGroup;
			children = (
				D657F82D219D06CD006836D2 /* Image2Url.app */,
			);
			name = Products;
			sourceTree = "<group>";
		};
		D657F82F219D06CD006836D2 /* Image2Url */ = {
			isa = PBXGroup;
			children = (
				D657F830219D06CD006836D2 /* AppDelegate.swift */,
				D6766F5B219D0CDD005CA3DC /* I2UMenuController.swift */,
				D657466E21AD607D00E2712D /* I2USignInController.swift */,
				D657F834219D06CE006836D2 /* Assets.xcassets */,
				D657F836219D06CE006836D2 /* Main.storyboard */,
				D657F839219D06CE006836D2 /* Info.plist */,
				D657F83A219D06CE006836D2 /* Image2Url.entitlements */,
				D6EBB02921B0DB90001B0E16 /* I2UUserDefaultsEnum.swift */,
				D6EBB02B21B0DEA1001B0E16 /* I2UDataManager.swift */,
			);
			path = Image2Url;
			sourceTree = "<group>";
		};
/* End PBXGroup section */

/* Begin PBXNativeTarget section */
		D657F82C219D06CD006836D2 /* Image2Url */ = {
			isa = PBXNativeTarget;
			buildConfigurationList = D657F83D219D06CE006836D2 /* Build configuration list for PBXNativeTarget "Image2Url" */;
			buildPhases = (
				D657F829219D06CD006836D2 /* Sources */,
				D657F82A219D06CD006836D2 /* Frameworks */,
				D657F82B219D06CD006836D2 /* Resources */,
			);
			buildRules = (
			);
			dependencies = (
			);
			name = Image2Url;
			productName = Image2Url;
			productReference = D657F82D219D06CD006836D2 /* Image2Url.app */;
			productType = "com.apple.product-type.application";
		};
/* End PBXNativeTarget section */

/* Begin PBXProject section */
		D657F825219D06CD006836D2 /* Project object */ = {
			isa = PBXProject;
			attributes = {
				LastSwiftUpdateCheck = 0930;
				LastUpgradeCheck = 0930;
				ORGANIZATIONNAME = vanch;
				TargetAttributes = {
					D657F82C219D06CD006836D2 = {
						CreatedOnToolsVersion = 9.3;
					};
				};
			};
			buildConfigurationList = D657F828219D06CD006836D2 /* Build configuration list for PBXProject "Image2Url" */;
			compatibilityVersion = "Xcode 9.3";
			developmentRegion = en;
			hasScannedForEncodings = 0;
			knownRegions = (
				en,
				Base,
			);
			mainGroup = D657F824219D06CD006836D2;
			productRefGroup = D657F82E219D06CD006836D2 /* Products */;
			projectDirPath = "";
			projectRoot = "";
			targets = (
				D657F82C219D06CD006836D2 /* Image2Url */,
			);
		};
/* End PBXProject section */

/* Begin PBXResourcesBuildPhase section */
		D657F82B219D06CD006836D2 /* Resources */ = {
			isa = PBXResourcesBuildPhase;
			buildActionMask = 2147483647;
			files = (
				D657F835219D06CE006836D2 /* Assets.xcassets in Resources */,
				D657F838219D06CE006836D2 /* Main.storyboard in Resources */,
			);
			runOnlyForDeploymentPostprocessing = 0;
		};
/* End PBXResourcesBuildPhase section */

/* Begin PBXSourcesBuildPhase section */
		D657F829219D06CD006836D2 /* Sources */ = {
			isa = PBXSourcesBuildPhase;
			buildActionMask = 2147483647;
			files = (
				D6EBB02A21B0DB90001B0E16 /* I2UUserDefaultsEnum.swift in Sources */,
				D6EBB02C21B0DEA1001B0E16 /* I2UDataManager.swift in Sources */,
				D657F831219D06CD006836D2 /* AppDelegate.swift in Sources */,
				D6766F5C219D0CDD005CA3DC /* I2UMenuController.swift in Sources */,
				D657466F21AD607D00E2712D /* I2USignInController.swift in Sources */,
			);
			runOnlyForDeploymentPostprocessing = 0;
		};
/* End PBXSourcesBuildPhase section */

/* Begin PBXVariantGroup section */
		D657F836219D06CE006836D2 /* Main.storyboard */ = {
			isa = PBXVariantGroup;
			children = (
				D657F837219D06CE006836D2 /* Base */,
			);
			name = Main.storyboard;
			sourceTree = "<group>";
		};
/* End PBXVariantGroup section */

/* Begin XCBuildConfiguration section */
		D657F83B219D06CE006836D2 /* Debug */ = {
			isa = XCBuildConfiguration;
			buildSettings = {
				ALWAYS_SEARCH_USER_PATHS = NO;
				CLANG_ANALYZER_NONNULL = YES;
				CLANG_ANALYZER_NUMBER_OBJECT_CONVERSION = YES_AGGRESSIVE;
				CLANG_CXX_LANGUAGE_STANDARD = "gnu++14";
				CLANG_CXX_LIBRARY = "libc++";
				CLANG_ENABLE_MODULES = YES;
				CLANG_ENABLE_OBJC_ARC = YES;
				CLANG_ENABLE_OBJC_WEAK = YES;
				CLANG_WARN_BLOCK_CAPTURE_AUTORELEASING = YES;
				CLANG_WARN_BOOL_CONVERSION = YES;
				CLANG_WARN_COMMA = YES;
				CLANG_WARN_CONSTANT_CONVERSION = YES;
				CLANG_WARN_DEPRECATED_OBJC_IMPLEMENTATIONS = YES;
				CLANG_WARN_DIRECT_OBJC_ISA_USAGE = YES_ERROR;
				CLANG_WARN_DOCUMENTATION_COMMENTS = YES;
				CLANG_WARN_EMPTY_BODY = YES;
				CLANG_WARN_ENUM_CONVERSION = YES;
				CLANG_WARN_INFINITE_RECURSION = YES;
				CLANG_WARN_INT_CONVERSION = YES;
				CLANG_WARN_NON_LITERAL_NULL_CONVERSION = YES;
				CLANG_WARN_OBJC_IMPLICIT_RETAIN_SELF = YES;
				CLANG_WARN_OBJC_LITERAL_CONVERSION = YES;
				CLANG_WARN_OBJC_ROOT_CLASS = YES_ERROR;
				CLANG_WARN_RANGE_LOOP_ANALYSIS = YES;
				CLANG_WARN_STRICT_PROTOTYPES = YES;
				CLANG_WARN_SUSPICIOUS_MOVE = YES;
				CLANG_WARN_UNGUARDED_AVAILABILITY = YES_AGGRESSIVE;
				CLANG_WARN_UNREACHABLE_CODE = YES;
				CLANG_WARN__DUPLICATE_METHOD_MATCH = YES;
				CODE_SIGN_IDENTITY = "Mac Developer";
				COPY_PHASE_STRIP = NO;
				DEBUG_INFORMATION_FORMAT = dwarf;
				ENABLE_STRICT_OBJC_MSGSEND = YES;
				ENABLE_TESTABILITY = YES;
				GCC_C_LANGUAGE_STANDARD = gnu11;
				GCC_DYNAMIC_NO_PIC = NO;
				GCC_NO_COMMON_BLOCKS = YES;
				GCC_OPTIMIZATION_LEVEL = 0;
				GCC_PREPROCESSOR_DEFINITIONS = (
					"DEBUG=1",
					"$(inherited)",
				);
				GCC_WARN_64_TO_32_BIT_CONVERSION = YES;
				GCC_WARN_ABOUT_RETURN_TYPE = YES_ERROR;
				GCC_WARN_UNDECLARED_SELECTOR = YES;
				GCC_WARN_UNINITIALIZED_AUTOS = YES_AGGRESSIVE;
				GCC_WARN_UNUSED_FUNCTION = YES;
				GCC_WARN_UNUSED_VARIABLE = YES;
				MACOSX_DEPLOYMENT_TARGET = 10.14;
				MTL_ENABLE_DEBUG_INFO = YES;
				ONLY_ACTIVE_ARCH = YES;
				SDKROOT = macosx;
				SWIFT_ACTIVE_COMPILATION_CONDITIONS = DEBUG;
				SWIFT_OPTIMIZATION_LEVEL = "-Onone";
			};
			name = Debug;
		};
		D657F83C219D06CE006836D2 /* Release */ = {
			isa = XCBuildConfiguration;
			buildSettings = {
				ALWAYS_SEARCH_USER_PATHS = NO;
				CLANG_ANALYZER_NONNULL = YES;
				CLANG_ANALYZER_NUMBER_OBJECT_CONVERSION = YES_AGGRESSIVE;
				CLANG_CXX_LANGUAGE_STANDARD = "gnu++14";
				CLANG_CXX_LIBRARY = "libc++";
				CLANG_ENABLE_MODULES = YES;
				CLANG_ENABLE_OBJC_ARC = YES;
				CLANG_ENABLE_OBJC_WEAK = YES;
				CLANG_WARN_BLOCK_CAPTURE_AUTORELEASING = YES;
				CLANG_WARN_BOOL_CONVERSION = YES;
				CLANG_WARN_COMMA = YES;
				CLANG_WARN_CONSTANT_CONVERSION = YES;
				CLANG_WARN_DEPRECATED_OBJC_IMPLEMENTATIONS = YES;
				CLANG_WARN_DIRECT_OBJC_ISA_USAGE = YES_ERROR;
				CLANG_WARN_DOCUMENTATION_COMMENTS = YES;
				CLANG_WARN_EMPTY_BODY = YES;
				CLANG_WARN_ENUM_CONVERSION = YES;
				CLANG_WARN_INFINITE_RECURSION = YES;
				CLANG_WARN_INT_CONVERSION = YES;
				CLANG_WARN_NON_LITERAL_NULL_CONVERSION = YES;
				CLANG_WARN_OBJC_IMPLICIT_RETAIN_SELF = YES;
				CLANG_WARN_OBJC_LITERAL_CONVERSION = YES;
				CLANG_WARN_OBJC_ROOT_CLASS = YES_ERROR;
				CLANG_WARN_RANGE_LOOP_ANALYSIS = YES;
				CLANG_WARN_STRICT_PROTOTYPES = YES;
				CLANG_WARN_SUSPICIOUS_MOVE = YES;
				CLANG_WARN_UNGUARDED_AVAILABILITY = YES_AGGRESSIVE;
				CLANG_WARN_UNREACHABLE_CODE = YES;
				CLANG_WARN__DUPLICATE_METHOD_MATCH = YES;
				CODE_SIGN_IDENTITY = "Mac Developer";
				COPY_PHASE_STRIP = NO;
				DEBUG_INFORMATION_FORMAT = "dwarf-with-dsym";
				ENABLE_NS_ASSERTIONS = NO;
				ENABLE_STRICT_OBJC_MSGSEND = YES;
				GCC_C_LANGUAGE_STANDARD = gnu11;
				GCC_NO_COMMON_BLOCKS = YES;
				GCC_WARN_64_TO_32_BIT_CONVERSION = YES;
				GCC_WARN_ABOUT_RETURN_TYPE = YES_ERROR;
				GCC_WARN_UNDECLARED_SELECTOR = YES;
				GCC_WARN_UNINITIALIZED_AUTOS = YES_AGGRESSIVE;
				GCC_WARN_UNUSED_FUNCTION = YES;
				GCC_WARN_UNUSED_VARIABLE = YES;
				MACOSX_DEPLOYMENT_TARGET = 10.14;
				MTL_ENABLE_DEBUG_INFO = NO;
				SDKROOT = macosx;
				SWIFT_COMPILATION_MODE = wholemodule;
				SWIFT_OPTIMIZATION_LEVEL = "-O";
			};
			name = Release;
		};
		D657F83E219D06CE006836D2 /* Debug */ = {
			isa = XCBuildConfiguration;
			buildSettings = {
				ASSETCATALOG_COMPILER_APPICON_NAME = AppIcon;
				CODE_SIGN_ENTITLEMENTS = Image2Url/Image2Url.entitlements;
				CODE_SIGN_STYLE = Automatic;
				COMBINE_HIDPI_IMAGES = YES;
				DEVELOPMENT_TEAM = N95PFH5E8A;
				INFOPLIST_FILE = Image2Url/Info.plist;
				LD_RUNPATH_SEARCH_PATHS = (
					"$(inherited)",
					"@executable_path/../Frameworks",
				);
				MACOSX_DEPLOYMENT_TARGET = 10.13;
				PRODUCT_BUNDLE_IDENTIFIER = vanch.Image2Url;
				PRODUCT_NAME = "$(TARGET_NAME)";
				SWIFT_VERSION = 4.0;
			};
			name = Debug;
		};
		D657F83F219D06CE006836D2 /* Release */ = {
			isa = XCBuildConfiguration;
			buildSettings = {
				ASSETCATALOG_COMPILER_APPICON_NAME = AppIcon;
				CODE_SIGN_ENTITLEMENTS = Image2Url/Image2Url.entitlements;
				CODE_SIGN_STYLE = Automatic;
				COMBINE_HIDPI_IMAGES = YES;
				DEVELOPMENT_TEAM = N95PFH5E8A;
				INFOPLIST_FILE = Image2Url/Info.plist;
				LD_RUNPATH_SEARCH_PATHS = (
					"$(inherited)",
					"@executable_path/../Frameworks",
				);
				MACOSX_DEPLOYMENT_TARGET = 10.13;
				PRODUCT_BUNDLE_IDENTIFIER = vanch.Image2Url;
				PRODUCT_NAME = "$(TARGET_NAME)";
				SWIFT_VERSION = 4.0;
			};
			name = Release;
		};
/* End XCBuildConfiguration section */

/* Begin XCConfigurationList section */
		D657F828219D06CD006836D2 /* Build configuration list for PBXProject "Image2Url" */ = {
			isa = XCConfigurationList;
			buildConfigurations = (
				D657F83B219D06CE006836D2 /* Debug */,
				D657F83C219D06CE006836D2 /* Release */,
			);
			defaultConfigurationIsVisible = 0;
			defaultConfigurationName = Release;
		};
		D657F83D219D06CE006836D2 /* Build configuration list for PBXNativeTarget "Image2Url" */ = {
			isa = XCConfigurationList;
			buildConfigurations = (
				D657F83E219D06CE006836D2 /* Debug */,
				D657F83F219D06CE006836D2 /* Release */,
			);
			defaultConfigurationIsVisible = 0;
			defaultConfigurationName = Release;
		};
/* End XCConfigurationList section */
	};
	rootObject = D657F825219D06CD006836D2 /* Project object */;
}
